
Microsoft Visual Studio Solution File, Format Version 12.00
# Visual Studio Version 17
VisualStudioVersion = 17.9.34622.214
MinimumVisualStudioVersion = 10.0.40219.1
Project("{FAE04EC0-301F-11D3-BF4B-00C04F79EFBC}") = "Contacto", "Contacto\Contacto.csproj", "{2C553B01-57AD-414D-9254-CC37EE55F550}"
EndProject
Global
	GlobalSection(SolutionConfigurationPlatforms) = preSolution
		Debug|Any CPU = Debug|Any CPU
		Release|Any CPU = Release|Any CPU
	EndGlobalSection
	GlobalSection(ProjectConfigurationPlatforms) = postSolution
		{2C553B01-57AD-414D-9254-CC37EE55F550}.Debug|Any CPU.ActiveCfg = Debug|Any CPU
		{2C553B01-57AD-414D-9254-CC37EE55F550}.Debug|Any CPU.Build.0 = Debug|Any CPU
		{2C553B01-57AD-414D-9254-CC37EE55F550}.Release|Any CPU.ActiveCfg = Release|Any CPU
		{2C553B01-57AD-414D-9254-CC37EE55F550}.Release|Any CPU.Build.0 = Release|Any CPU
	EndGlobalSection
	GlobalSection(SolutionProperties) = preSolution
		HideSolutionNode = FALSE
	EndGlobalSection
	GlobalSection(ExtensibilityGlobals) = postSolution
		SolutionGuid = {DA102EB1-BB54-4FD8-A189-0AA0DE651C16}
	EndGlobalSection
EndGlobal
